// !$*UTF8*$!
{
	archiveVersion = 1;
	classes = {
	};
	objectVersion = 48;
	objects = {

/* Begin PBXBuildFile section */
		18230B65207B12B600DB4063 /* AppDelegate.swift in Sources */ = {isa = PBXBuildFile; fileRef = 18230B64207B12B600DB4063 /* AppDelegate.swift */; };
		18230B67207B12B600DB4063 /* ViewController.swift in Sources */ = {isa = PBXBuildFile; fileRef = 18230B66207B12B600DB4063 /* ViewController.swift */; };
		18230B6A207B12B600DB4063 /* Main.storyboard in Resources */ = {isa = PBXBuildFile; fileRef = 18230B68207B12B600DB4063 /* Main.storyboard */; };
		18230B6C207B12B600DB4063 /* Assets.xcassets in Resources */ = {isa = PBXBuildFile; fileRef = 18230B6B207B12B600DB4063 /* Assets.xcassets */; };
		18230B6F207B12B600DB4063 /* LaunchScreen.storyboard in Resources */ = {isa = PBXBuildFile; fileRef = 18230B6D207B12B600DB4063 /* LaunchScreen.storyboard */; };
		18230B7A207B12B600DB4063 /* IMDemoTests.swift in Sources */ = {isa = PBXBuildFile; fileRef = 18230B79207B12B600DB4063 /* IMDemoTests.swift */; };
		18230B85207B12B600DB4063 /* IMDemoUITests.swift in Sources */ = {isa = PBXBuildFile; fileRef = 18230B84207B12B600DB4063 /* IMDemoUITests.swift */; };
/* End PBXBuildFile section */

/* Begin PBXContainerItemProxy section */
		18230B76207B12B600DB4063 /* PBXContainerItemProxy */ = {
			isa = PBXContainerItemProxy;
			containerPortal = 18230B59207B12B500DB4063 /* Project object */;
			proxyType = 1;
			remoteGlobalIDString = 18230B60207B12B600DB4063;
			remoteInfo = IMDemo;
		};
		18230B81207B12B600DB4063 /* PBXContainerItemProxy */ = {
			isa = PBXContainerItemProxy;
			containerPortal = 18230B59207B12B500DB4063 /* Project object */;
			proxyType = 1;
			remoteGlobalIDString = 18230B60207B12B600DB4063;
			remoteInfo = IMDemo;
		};
/* End PBXContainerItemProxy section */

/* Begin PBXFileReference section */
		18230B61207B12B600DB4063 /* IMDemo.app */ = {isa = PBXFileReference; explicitFileType = wrapper.application; includeInIndex = 0; path = IMDemo.app; sourceTree = BUILT_PRODUCTS_DIR; };
		18230B64207B12B600DB4063 /* AppDelegate.swift */ = {isa = PBXFileReference; lastKnownFileType = sourcecode.swift; path = AppDelegate.swift; sourceTree = "<group>"; };
		18230B66207B12B600DB4063 /* ViewController.swift */ = {isa = PBXFileReference; lastKnownFileType = sourcecode.swift; path = ViewController.swift; sourceTree = "<group>"; };
		18230B69207B12B600DB4063 /* Base */ = {isa = PBXFileReference; lastKnownFileType = file.storyboard; name = Base; path = Base.lproj/Main.storyboard; sourceTree = "<group>"; };
		18230B6B207B12B600DB4063 /* Assets.xcassets */ = {isa = PBXFileReference; lastKnownFileType = folder.assetcatalog; path = Assets.xcassets; sourceTree = "<group>"; };
		18230B6E207B12B600DB4063 /* Base */ = {isa = PBXFileReference; lastKnownFileType = file.storyboard; name = Base; path = Base.lproj/LaunchScreen.storyboard; sourceTree = "<group>"; };
		18230B70207B12B600DB4063 /* Info.plist */ = {isa = PBXFileReference; lastKnownFileType = text.plist.xml; path = Info.plist; sourceTree = "<group>"; };
		18230B75207B12B600DB4063 /* IMDemoTests.xctest */ = {isa = PBXFileReference; explicitFileType = wrapper.cfbundle; includeInIndex = 0; path = IMDemoTests.xctest; sourceTree = BUILT_PRODUCTS_DIR; };
		18230B79207B12B600DB4063 /* IMDemoTests.swift */ = {isa = PBXFileReference; lastKnownFileType = sourcecode.swift; path = IMDemoTests.swift; sourceTree = "<group>"; };
		18230B7B207B12B600DB4063 /* Info.plist */ = {isa = PBXFileReference; lastKnownFileType = text.plist.xml; path = Info.plist; sourceTree = "<group>"; };
		18230B80207B12B600DB4063 /* IMDemoUITests.xctest */ = {isa = PBXFileReference; explicitFileType = wrapper.cfbundle; includeInIndex = 0; path = IMDemoUITests.xctest; sourceTree = BUILT_PRODUCTS_DIR; };
		18230B84207B12B600DB4063 /* IMDemoUITests.swift */ = {isa = PBXFileReference; lastKnownFileType = sourcecode.swift; path = IMDemoUITests.swift; sourceTree = "<group>"; };
		18230B86207B12B600DB4063 /* Info.plist */ = {isa = PBXFileReference; lastKnownFileType = text.plist.xml; path = Info.plist; sourceTree = "<group>"; };
/* End PBXFileReference section */

/* Begin PBXFrameworksBuildPhase section */
		18230B5E207B12B600DB4063 /* Frameworks */ = {
			isa = PBXFrameworksBuildPhase;
			buildActionMask = 2147483647;
			files = (
			);
			runOnlyForDeploymentPostprocessing = 0;
		};
		18230B72207B12B600DB4063 /* Frameworks */ = {
			isa = PBXFrameworksBuildPhase;
			buildActionMask = 2147483647;
			files = (
			);
			runOnlyForDeploymentPostprocessing = 0;
		};
		18230B7D207B12B600DB4063 /* Frameworks */ = {
			isa = PBXFrameworksBuildPhase;
			buildActionMask = 2147483647;
			files = (
			);
			runOnlyForDeploymentPostprocessing = 0;
		};
/* End PBXFrameworksBuildPhase section */

/* Begin PBXGroup section */
		18230B58207B12B500DB4063 = {
			isa = PBXGroup;
			children = (
				18230B63207B12B600DB4063 /* IMDemo */,
				18230B78207B12B600DB4063 /* IMDemoTests */,
				18230B83207B12B600DB4063 /* IMDemoUITests */,
				18230B62207B12B600DB4063 /* Products */,
			);
			sourceTree = "<group>";
		};
		18230B62207B12B600DB4063 /* Products */ = {
			isa = PBXGroup;
			children = (
				18230B61207B12B600DB4063 /* IMDemo.app */,
				18230B75207B12B600DB4063 /* IMDemoTests.xctest */,
				18230B80207B12B600DB4063 /* IMDemoUITests.xctest */,
			);
			name = Products;
			sourceTree = "<group>";
		};
		18230B63207B12B600DB4063 /* IMDemo */ = {
			isa = PBXGroup;
			children = (
				18230B64207B12B600DB4063 /* AppDelegate.swift */,
				18230B66207B12B600DB4063 /* ViewController.swift */,
				18230B68207B12B600DB4063 /* Main.storyboard */,
				18230B6B207B12B600DB4063 /* Assets.xcassets */,
				18230B6D207B12B600DB4063 /* LaunchScreen.storyboard */,
				18230B70207B12B600DB4063 /* Info.plist */,
			);
			path = IMDemo;
			sourceTree = "<group>";
		};
		18230B78207B12B600DB4063 /* IMDemoTests */ = {
			isa = PBXGroup;
			children = (
				18230B79207B12B600DB4063 /* IMDemoTests.swift */,
				18230B7B207B12B600DB4063 /* Info.plist */,
			);
			path = IMDemoTests;
			sourceTree = "<group>";
		};
		18230B83207B12B600DB4063 /* IMDemoUITests */ = {
			isa = PBXGroup;
			children = (
				18230B84207B12B600DB4063 /* IMDemoUITests.swift */,
				18230B86207B12B600DB4063 /* Info.plist */,
			);
			path = IMDemoUITests;
			sourceTree = "<group>";
		};
/* End PBXGroup section */

/* Begin PBXNativeTarget section */
		18230B60207B12B600DB4063 /* IMDemo */ = {
			isa = PBXNativeTarget;
			buildConfigurationList = 18230B89207B12B600DB4063 /* Build configuration list for PBXNativeTarget "IMDemo" */;
			buildPhases = (
				18230B5D207B12B600DB4063 /* Sources */,
				18230B5E207B12B600DB4063 /* Frameworks */,
				18230B5F207B12B600DB4063 /* Resources */,
			);
			buildRules = (
			);
			dependencies = (
			);
			name = IMDemo;
			productName = IMDemo;
			productReference = 18230B61207B12B600DB4063 /* IMDemo.app */;
			productType = "com.apple.product-type.application";
		};
		18230B74207B12B600DB4063 /* IMDemoTests */ = {
			isa = PBXNativeTarget;
			buildConfigurationList = 18230B8C207B12B600DB4063 /* Build configuration list for PBXNativeTarget "IMDemoTests" */;
			buildPhases = (
				18230B71207B12B600DB4063 /* Sources */,
				18230B72207B12B600DB4063 /* Frameworks */,
				18230B73207B12B600DB4063 /* Resources */,
			);
			buildRules = (
			);
			dependencies = (
				18230B77207B12B600DB4063 /* PBXTargetDependency */,
			);
			name = IMDemoTests;
			productName = IMDemoTests;
			productReference = 18230B75207B12B600DB4063 /* IMDemoTests.xctest */;
			productType = "com.apple.product-type.bundle.unit-test";
		};
		18230B7F207B12B600DB4063 /* IMDemoUITests */ = {
			isa = PBXNativeTarget;
			buildConfigurationList = 18230B8F207B12B600DB4063 /* Build configuration list for PBXNativeTarget "IMDemoUITests" */;
			buildPhases = (
				18230B7C207B12B600DB4063 /* Sources */,
				18230B7D207B12B600DB4063 /* Frameworks */,
				18230B7E207B12B600DB4063 /* Resources */,
			);
			buildRules = (
			);
			dependencies = (
				18230B82207B12B600DB4063 /* PBXTargetDependency */,
			);
			name = IMDemoUITests;
			productName = IMDemoUITests;
			productReference = 18230B80207B12B600DB4063 /* IMDemoUITests.xctest */;
			productType = "com.apple.product-type.bundle.ui-testing";
		};
/* End PBXNativeTarget section */

/* Begin PBXProject section */
		18230B59207B12B500DB4063 /* Project object */ = {
			isa = PBXProject;
			attributes = {
				LastSwiftUpdateCheck = 0920;
				LastUpgradeCheck = 0920;
				ORGANIZATIONNAME = Apple;
				TargetAttributes = {
					18230B60207B12B600DB4063 = {
						CreatedOnToolsVersion = 9.2;
						ProvisioningStyle = Automatic;
					};
					18230B74207B12B600DB4063 = {
						CreatedOnToolsVersion = 9.2;
						ProvisioningStyle = Automatic;
						TestTargetID = 18230B60207B12B600DB4063;
					};
					18230B7F207B12B600DB4063 = {
						CreatedOnToolsVersion = 9.2;
						ProvisioningStyle = Automatic;
						TestTargetID = 18230B60207B12B600DB4063;
					};
				};
			};
			buildConfigurationList = 18230B5C207B12B500DB4063 /* Build configuration list for PBXProject "IMDemo" */;
			compatibilityVersion = "Xcode 8.0";
			developmentRegion = en;
			hasScannedForEncodings = 0;
			knownRegions = (
				en,
				Base,
			);
			mainGroup = 18230B58207B12B500DB4063;
			productRefGroup = 18230B62207B12B600DB4063 /* Products */;
			projectDirPath = "";
			projectRoot = "";
			targets = (
				18230B60207B12B600DB4063 /* IMDemo */,
				18230B74207B12B600DB4063 /* IMDemoTests */,
				18230B7F207B12B600DB4063 /* IMDemoUITests */,
			);
		};
/* End PBXProject section */

/* Begin PBXResourcesBuildPhase section */
		18230B5F207B12B600DB4063 /* Resources */ = {
			isa = PBXResourcesBuildPhase;
			buildActionMask = 2147483647;
			files = (
				18230B6F207B12B600DB4063 /* LaunchScreen.storyboard in Resources */,
				18230B6C207B12B600DB4063 /* Assets.xcassets in Resources */,
				18230B6A207B12B600DB4063 /* Main.storyboard in Resources */,
			);
			runOnlyForDeploymentPostprocessing = 0;
		};
		18230B73207B12B600DB4063 /* Resources */ = {
			isa = PBXResourcesBuildPhase;
			buildActionMask = 2147483647;
			files = (
			);
			runOnlyForDeploymentPostprocessing = 0;
		};
		18230B7E207B12B600DB4063 /* Resources */ = {
			isa = PBXResourcesBuildPhase;
			buildActionMask = 2147483647;
			files = (
			);
			runOnlyForDeploymentPostprocessing = 0;
		};
/* End PBXResourcesBuildPhase section */

/* Begin PBXSourcesBuildPhase section */
		18230B5D207B12B600DB4063 /* Sources */ = {
			isa = PBXSourcesBuildPhase;
			buildActionMask = 2147483647;
			files = (
				18230B67207B12B600DB4063 /* ViewController.swift in Sources */,
				18230B65207B12B600DB4063 /* AppDelegate.swift in Sources */,
			);
			runOnlyForDeploymentPostprocessing = 0;
		};
		18230B71207B12B600DB4063 /* Sources */ = {
			isa = PBXSourcesBuildPhase;
			buildActionMask = 2147483647;
			files = (
				18230B7A207B12B600DB4063 /* IMDemoTests.swift in Sources */,
			);
			runOnlyForDeploymentPostprocessing = 0;
		};
		18230B7C207B12B600DB4063 /* Sources */ = {
			isa = PBXSourcesBuildPhase;
			buildActionMask = 2147483647;
			files = (
				18230B85207B12B600DB4063 /* IMDemoUITests.swift in Sources */,
			);
			runOnlyForDeploymentPostprocessing = 0;
		};
/* End PBXSourcesBuildPhase section */

/* Begin PBXTargetDependency section */
		18230B77207B12B600DB4063 /* PBXTargetDependency */ = {
			isa = PBXTargetDependency;
			target = 18230B60207B12B600DB4063 /* IMDemo */;
			targetProxy = 18230B76207B12B600DB4063 /* PBXContainerItemProxy */;
		};
		18230B82207B12B600DB4063 /* PBXTargetDependency */ = {
			isa = PBXTargetDependency;
			target = 18230B60207B12B600DB4063 /* IMDemo */;
			targetProxy = 18230B81207B12B600DB4063 /* PBXContainerItemProxy */;
		};
/* End PBXTargetDependency section */

/* Begin PBXVariantGroup section */
		18230B68207B12B600DB4063 /* Main.storyboard */ = {
			isa = PBXVariantGroup;
			children = (
				18230B69207B12B600DB4063 /* Base */,
			);
			name = Main.storyboard;
			sourceTree = "<group>";
		};
		18230B6D207B12B600DB4063 /* LaunchScreen.storyboard */ = {
			isa = PBXVariantGroup;
			children = (
				18230B6E207B12B600DB4063 /* Base */,
			);
			name = LaunchScreen.storyboard;
			sourceTree = "<group>";
		};
/* End PBXVariantGroup section */

/* Begin XCBuildConfiguration section */
		18230B87207B12B600DB4063 /* Debug */ = {
			isa = XCBuildConfiguration;
			buildSettings = {
				ALWAYS_SEARCH_USER_PATHS = NO;
				CLANG_ANALYZER_NONNULL = YES;
				CLANG_ANALYZER_NUMBER_OBJECT_CONVERSION = YES_AGGRESSIVE;
				CLANG_CXX_LANGUAGE_STANDARD = "gnu++14";
				CLANG_CXX_LIBRARY = "libc++";
				CLANG_ENABLE_MODULES = YES;
				CLANG_ENABLE_OBJC_ARC = YES;
				CLANG_WARN_BLOCK_CAPTURE_AUTORELEASING = YES;
				CLANG_WARN_BOOL_CONVERSION = YES;
				CLANG_WARN_COMMA = YES;
				CLANG_WARN_CONSTANT_CONVERSION = YES;
				CLANG_WARN_DIRECT_OBJC_ISA_USAGE = YES_ERROR;
				CLANG_WARN_DOCUMENTATION_COMMENTS = YES;
				CLANG_WARN_EMPTY_BODY = YES;
				CLANG_WARN_ENUM_CONVERSION = YES;
				CLANG_WARN_INFINITE_RECURSION = YES;
				CLANG_WARN_INT_CONVERSION = YES;
				CLANG_WARN_NON_LITERAL_NULL_CONVERSION = YES;
				CLANG_WARN_OBJC_LITERAL_CONVERSION = YES;
				CLANG_WARN_OBJC_ROOT_CLASS = YES_ERROR;
				CLANG_WARN_RANGE_LOOP_ANALYSIS = YES;
				CLANG_WARN_STRICT_PROTOTYPES = YES;
				CLANG_WARN_SUSPICIOUS_MOVE = YES;
				CLANG_WARN_UNGUARDED_AVAILABILITY = YES_AGGRESSIVE;
				CLANG_WARN_UNREACHABLE_CODE = YES;
				CLANG_WARN__DUPLICATE_METHOD_MATCH = YES;
				CODE_SIGN_IDENTITY = "iPhone Developer";
				COPY_PHASE_STRIP = NO;
				DEBUG_INFORMATION_FORMAT = dwarf;
				ENABLE_STRICT_OBJC_MSGSEND = YES;
				ENABLE_TESTABILITY = YES;
				GCC_C_LANGUAGE_STANDARD = gnu11;
				GCC_DYNAMIC_NO_PIC = NO;
				GCC_NO_COMMON_BLOCKS = YES;
				GCC_OPTIMIZATION_LEVEL = 0;
				GCC_PREPROCESSOR_DEFINITIONS = (
					"DEBUG=1",
					"$(inherited)",
				);
				GCC_WARN_64_TO_32_BIT_CONVERSION = YES;
				GCC_WARN_ABOUT_RETURN_TYPE = YES_ERROR;
				GCC_WARN_UNDECLARED_SELECTOR = YES;
				GCC_WARN_UNINITIALIZED_AUTOS = YES_AGGRESSIVE;
				GCC_WARN_UNUSED_FUNCTION = YES;
				GCC_WARN_UNUSED_VARIABLE = YES;
				IPHONEOS_DEPLOYMENT_TARGET = 11.2;
				MTL_ENABLE_DEBUG_INFO = YES;
				ONLY_ACTIVE_ARCH = YES;
				SDKROOT = iphoneos;
				SWIFT_ACTIVE_COMPILATION_CONDITIONS = DEBUG;
				SWIFT_OPTIMIZATION_LEVEL = "-Onone";
			};
			name = Debug;
		};
		18230B88207B12B600DB4063 /* Release */ = {
			isa = XCBuildConfiguration;
			buildSettings = {
				ALWAYS_SEARCH_USER_PATHS = NO;
				CLANG_ANALYZER_NONNULL = YES;
				CLANG_ANALYZER_NUMBER_OBJECT_CONVERSION = YES_AGGRESSIVE;
				CLANG_CXX_LANGUAGE_STANDARD = "gnu++14";
				CLANG_CXX_LIBRARY = "libc++";
				CLANG_ENABLE_MODULES = YES;
				CLANG_ENABLE_OBJC_ARC = YES;
				CLANG_WARN_BLOCK_CAPTURE_AUTORELEASING = YES;
				CLANG_WARN_BOOL_CONVERSION = YES;
				CLANG_WARN_COMMA = YES;
				CLANG_WARN_CONSTANT_CONVERSION = YES;
				CLANG_WARN_DIRECT_OBJC_ISA_USAGE = YES_ERROR;
				CLANG_WARN_DOCUMENTATION_COMMENTS = YES;
				CLANG_WARN_EMPTY_BODY = YES;
				CLANG_WARN_ENUM_CONVERSION = YES;
				CLANG_WARN_INFINITE_RECURSION = YES;
				CLANG_WARN_INT_CONVERSION = YES;
				CLANG_WARN_NON_LITERAL_NULL_CONVERSION = YES;
				CLANG_WARN_OBJC_LITERAL_CONVERSION = YES;
				CLANG_WARN_OBJC_ROOT_CLASS = YES_ERROR;
				CLANG_WARN_RANGE_LOOP_ANALYSIS = YES;
				CLANG_WARN_STRICT_PROTOTYPES = YES;
				CLANG_WARN_SUSPICIOUS_MOVE = YES;
				CLANG_WARN_UNGUARDED_AVAILABILITY = YES_AGGRESSIVE;
				CLANG_WARN_UNREACHABLE_CODE = YES;
				CLANG_WARN__DUPLICATE_METHOD_MATCH = YES;
				CODE_SIGN_IDENTITY = "iPhone Developer";
				COPY_PHASE_STRIP = NO;
				DEBUG_INFORMATION_FORMAT = "dwarf-with-dsym";
				ENABLE_NS_ASSERTIONS = NO;
				ENABLE_STRICT_OBJC_MSGSEND = YES;
				GCC_C_LANGUAGE_STANDARD = gnu11;
				GCC_NO_COMMON_BLOCKS = YES;
				GCC_WARN_64_TO_32_BIT_CONVERSION = YES;
				GCC_WARN_ABOUT_RETURN_TYPE = YES_ERROR;
				GCC_WARN_UNDECLARED_SELECTOR = YES;
				GCC_WARN_UNINITIALIZED_AUTOS = YES_AGGRESSIVE;
				GCC_WARN_UNUSED_FUNCTION = YES;
				GCC_WARN_UNUSED_VARIABLE = YES;
				IPHONEOS_DEPLOYMENT_TARGET = 11.2;
				MTL_ENABLE_DEBUG_INFO = NO;
				SDKROOT = iphoneos;
				SWIFT_OPTIMIZATION_LEVEL = "-Owholemodule";
				VALIDATE_PRODUCT = YES;
			};
			name = Release;
		};
		18230B8A207B12B600DB4063 /* Debug */ = {
			isa = XCBuildConfiguration;
			buildSettings = {
				ASSETCATALOG_COMPILER_APPICON_NAME = AppIcon;
				CODE_SIGN_STYLE = Automatic;
				DEVELOPMENT_TEAM = VZ6YQ74JTZ;
				INFOPLIST_FILE = IMDemo/Info.plist;
				LD_RUNPATH_SEARCH_PATHS = "$(inherited) @executable_path/Frameworks";
				PRODUCT_BUNDLE_IDENTIFIER = Apple.IMDemo;
				PRODUCT_NAME = "$(TARGET_NAME)";
				SWIFT_VERSION = 4.0;
				TARGETED_DEVICE_FAMILY = "1,2";
			};
			name = Debug;
		};
		18230B8B207B12B600DB4063 /* Release */ = {
			isa = XCBuildConfiguration;
			buildSettings = {
				ASSETCATALOG_COMPILER_APPICON_NAME = AppIcon;
				CODE_SIGN_STYLE = Automatic;
				DEVELOPMENT_TEAM = VZ6YQ74JTZ;
				INFOPLIST_FILE = IMDemo/Info.plist;
				LD_RUNPATH_SEARCH_PATHS = "$(inherited) @executable_path/Frameworks";
				PRODUCT_BUNDLE_IDENTIFIER = Apple.IMDemo;
				PRODUCT_NAME = "$(TARGET_NAME)";
				SWIFT_VERSION = 4.0;
				TARGETED_DEVICE_FAMILY = "1,2";
			};
			name = Release;
		};
		18230B8D207B12B600DB4063 /* Debug */ = {
			isa = XCBuildConfiguration;
			buildSettings = {
				ALWAYS_EMBED_SWIFT_STANDARD_LIBRARIES = YES;
				BUNDLE_LOADER = "$(TEST_HOST)";
				CODE_SIGN_STYLE = Automatic;
				DEVELOPMENT_TEAM = VZ6YQ74JTZ;
				INFOPLIST_FILE = IMDemoTests/Info.plist;
				LD_RUNPATH_SEARCH_PATHS = "$(inherited) @executable_path/Frameworks @loader_path/Frameworks";
				PRODUCT_BUNDLE_IDENTIFIER = Apple.IMDemoTests;
				PRODUCT_NAME = "$(TARGET_NAME)";
				SWIFT_VERSION = 4.0;
				TARGETED_DEVICE_FAMILY = "1,2";
				TEST_HOST = "$(BUILT_PRODUCTS_DIR)/IMDemo.app/IMDemo";
			};
			name = Debug;
		};
		18230B8E207B12B600DB4063 /* Release */ = {
			isa = XCBuildConfiguration;
			buildSettings = {
				ALWAYS_EMBED_SWIFT_STANDARD_LIBRARIES = YES;
				BUNDLE_LOADER = "$(TEST_HOST)";
				CODE_SIGN_STYLE = Automatic;
				DEVELOPMENT_TEAM = VZ6YQ74JTZ;
				INFOPLIST_FILE = IMDemoTests/Info.plist;
				LD_RUNPATH_SEARCH_PATHS = "$(inherited) @executable_path/Frameworks @loader_path/Frameworks";
				PRODUCT_BUNDLE_IDENTIFIER = Apple.IMDemoTests;
				PRODUCT_NAME = "$(TARGET_NAME)";
				SWIFT_VERSION = 4.0;
				TARGETED_DEVICE_FAMILY = "1,2";
				TEST_HOST = "$(BUILT_PRODUCTS_DIR)/IMDemo.app/IMDemo";
			};
			name = Release;
		};
		18230B90207B12B600DB4063 /* Debug */ = {
			isa = XCBuildConfiguration;
			buildSettings = {
				ALWAYS_EMBED_SWIFT_STANDARD_LIBRARIES = YES;
				CODE_SIGN_STYLE = Automatic;
				DEVELOPMENT_TEAM = VZ6YQ74JTZ;
				INFOPLIST_FILE = IMDemoUITests/Info.plist;
				LD_RUNPATH_SEARCH_PATHS = "$(inherited) @executable_path/Frameworks @loader_path/Frameworks";
				PRODUCT_BUNDLE_IDENTIFIER = Apple.IMDemoUITests;
				PRODUCT_NAME = "$(TARGET_NAME)";
				SWIFT_VERSION = 4.0;
				TARGETED_DEVICE_FAMILY = "1,2";
				TEST_TARGET_NAME = IMDemo;
			};
			name = Debug;
		};
		18230B91207B12B600DB4063 /* Release */ = {
			isa = XCBuildConfiguration;
			buildSettings = {
				ALWAYS_EMBED_SWIFT_STANDARD_LIBRARIES = YES;
				CODE_SIGN_STYLE = Automatic;
				DEVELOPMENT_TEAM = VZ6YQ74JTZ;
				INFOPLIST_FILE = IMDemoUITests/Info.plist;
				LD_RUNPATH_SEARCH_PATHS = "$(inherited) @executable_path/Frameworks @loader_path/Frameworks";
				PRODUCT_BUNDLE_IDENTIFIER = Apple.IMDemoUITests;
				PRODUCT_NAME = "$(TARGET_NAME)";
				SWIFT_VERSION = 4.0;
				TARGETED_DEVICE_FAMILY = "1,2";
				TEST_TARGET_NAME = IMDemo;
			};
			name = Release;
		};
/* End XCBuildConfiguration section */

/* Begin XCConfigurationList section */
		18230B5C207B12B500DB4063 /* Build configuration list for PBXProject "IMDemo" */ = {
			isa = XCConfigurationList;
			buildConfigurations = (
				18230B87207B12B600DB4063 /* Debug */,
				18230B88207B12B600DB4063 /* Release */,
			);
			defaultConfigurationIsVisible = 0;
			defaultConfigurationName = Release;
		};
		18230B89207B12B600DB4063 /* Build configuration list for PBXNativeTarget "IMDemo" */ = {
			isa = XCConfigurationList;
			buildConfigurations = (
				18230B8A207B12B600DB4063 /* Debug */,
				18230B8B207B12B600DB4063 /* Release */,
			);
			defaultConfigurationIsVisible = 0;
			defaultConfigurationName = Release;
		};
		18230B8C207B12B600DB4063 /* Build configuration list for PBXNativeTarget "IMDemoTests" */ = {
			isa = XCConfigurationList;
			buildConfigurations = (
				18230B8D207B12B600DB4063 /* Debug */,
				18230B8E207B12B600DB4063 /* Release */,
			);
			defaultConfigurationIsVisible = 0;
			defaultConfigurationName = Release;
		};
		18230B8F207B12B600DB4063 /* Build configuration list for PBXNativeTarget "IMDemoUITests" */ = {
			isa = XCConfigurationList;
			buildConfigurations = (
				18230B90207B12B600DB4063 /* Debug */,
				18230B91207B12B600DB4063 /* Release */,
			);
			defaultConfigurationIsVisible = 0;
			defaultConfigurationName = Release;
		};
/* End XCConfigurationList section */
	};
	rootObject = 18230B59207B12B500DB4063 /* Project object */;
}
